
Microsoft Visual Studio Solution File, Format Version 12.00
# Visual Studio 14
VisualStudioVersion = 14.0.25420.1
MinimumVisualStudioVersion = 10.0.40219.1
Project("{FAE04EC0-301F-11D3-BF4B-00C04F79EFBC}") = "OddOrEven", "OddOrEven\OddOrEven.csproj", "{48DB02A1-3750-45B1-B112-EAA83ABFFA9D}"
EndProject
Project("{FAE04EC0-301F-11D3-BF4B-00C04F79EFBC}") = "MoonGravity", "MoonGravity\MoonGravity.csproj", "{9B8CD145-0D5F-4116-9819-88D4BCD94E07}"
EndProject
Project("{FAE04EC0-301F-11D3-BF4B-00C04F79EFBC}") = "DivideBy7and5", "DivideBy7and5\DivideBy7and5.csproj", "{AD0B43F2-550A-4572-9FF0-91E8D4F80854}"
EndProject
Project("{FAE04EC0-301F-11D3-BF4B-00C04F79EFBC}") = "Rectangles", "Rectangles\Rectangles.csproj", "{A78BC0FB-C46A-4E07-91F6-9897444A02C3}"
EndProject
Project("{FAE04EC0-301F-11D3-BF4B-00C04F79EFBC}") = "ThirdDigit", "ThirdDigit\ThirdDigit.csproj", "{C052CA7A-7786-4F86-821B-6CE32FC010A6}"
EndProject
Project("{FAE04EC0-301F-11D3-BF4B-00C04F79EFBC}") = "FourDigits", "FourDigits\FourDigits.csproj", "{08DE3ADC-22DA-4878-AEAE-9CCBE5E1CD65}"
EndProject
Project("{FAE04EC0-301F-11D3-BF4B-00C04F79EFBC}") = "PointInCircle", "PointInCircle\PointInCircle.csproj", "{54303345-25D1-4AD2-935B-EBB9E20C4AB0}"
EndProject
Project("{FAE04EC0-301F-11D3-BF4B-00C04F79EFBC}") = "PrimeCheck", "PrimeCheck\PrimeCheck.csproj", "{59F177A2-582B-4741-8AE5-BBCD00B6110E}"
EndProject
Project("{FAE04EC0-301F-11D3-BF4B-00C04F79EFBC}") = "Trapezoids", "Trapezoids\Trapezoids.csproj", "{8AAE7509-F066-4C01-A91E-A2435F96CB7F}"
EndProject
Project("{FAE04EC0-301F-11D3-BF4B-00C04F79EFBC}") = "PointCircleRectangle", "PointCircleRectangle\PointCircleRectangle.csproj", "{9887E647-D334-4FF9-90AE-8E1389CBA21A}"
EndProject
Project("{FAE04EC0-301F-11D3-BF4B-00C04F79EFBC}") = "ThirdBit", "ThirdBit\ThirdBit.csproj", "{C820C52E-F609-4219-9AC1-10F5CE0E8A17}"
EndProject
Project("{FAE04EC0-301F-11D3-BF4B-00C04F79EFBC}") = "N-thBit", "N-thBit\N-thBit.csproj", "{0F2DD99D-2279-4145-BE3D-B391B452CC91}"
EndProject
Project("{FAE04EC0-301F-11D3-BF4B-00C04F79EFBC}") = "ModifyBit", "ModifyBit\ModifyBit.csproj", "{1484522C-1E97-4098-9F30-5F59243C31D7}"
EndProject
Project("{FAE04EC0-301F-11D3-BF4B-00C04F79EFBC}") = "BitExchange", "BitExchange\BitExchange.csproj", "{CF29CB4B-C88A-42BD-9866-CF2D75990E2A}"
EndProject
Project("{FAE04EC0-301F-11D3-BF4B-00C04F79EFBC}") = "BitSwap", "BitSwap\BitSwap.csproj", "{0AD8E3B4-A133-42A6-82B6-45B2F39E2675}"
EndProject
Global
	GlobalSection(SolutionConfigurationPlatforms) = preSolution
		Debug|Any CPU = Debug|Any CPU
		Release|Any CPU = Release|Any CPU
	EndGlobalSection
	GlobalSection(ProjectConfigurationPlatforms) = postSolution
		{48DB02A1-3750-45B1-B112-EAA83ABFFA9D}.Debug|Any CPU.ActiveCfg = Debug|Any CPU
		{48DB02A1-3750-45B1-B112-EAA83ABFFA9D}.Debug|Any CPU.Build.0 = Debug|Any CPU
		{48DB02A1-3750-45B1-B112-EAA83ABFFA9D}.Release|Any CPU.ActiveCfg = Release|Any CPU
		{48DB02A1-3750-45B1-B112-EAA83ABFFA9D}.Release|Any CPU.Build.0 = Release|Any CPU
		{9B8CD145-0D5F-4116-9819-88D4BCD94E07}.Debug|Any CPU.ActiveCfg = Debug|Any CPU
		{9B8CD145-0D5F-4116-9819-88D4BCD94E07}.Debug|Any CPU.Build.0 = Debug|Any CPU
		{9B8CD145-0D5F-4116-9819-88D4BCD94E07}.Release|Any CPU.ActiveCfg = Release|Any CPU
		{9B8CD145-0D5F-4116-9819-88D4BCD94E07}.Release|Any CPU.Build.0 = Release|Any CPU
		{AD0B43F2-550A-4572-9FF0-91E8D4F80854}.Debug|Any CPU.ActiveCfg = Debug|Any CPU
		{AD0B43F2-550A-4572-9FF0-91E8D4F80854}.Debug|Any CPU.Build.0 = Debug|Any CPU
		{AD0B43F2-550A-4572-9FF0-91E8D4F80854}.Release|Any CPU.ActiveCfg = Release|Any CPU
		{AD0B43F2-550A-4572-9FF0-91E8D4F80854}.Release|Any CPU.Build.0 = Release|Any CPU
		{A78BC0FB-C46A-4E07-91F6-9897444A02C3}.Debug|Any CPU.ActiveCfg = Debug|Any CPU
		{A78BC0FB-C46A-4E07-91F6-9897444A02C3}.Debug|Any CPU.Build.0 = Debug|Any CPU
		{A78BC0FB-C46A-4E07-91F6-9897444A02C3}.Release|Any CPU.ActiveCfg = Release|Any CPU
		{A78BC0FB-C46A-4E07-91F6-9897444A02C3}.Release|Any CPU.Build.0 = Release|Any CPU
		{C052CA7A-7786-4F86-821B-6CE32FC010A6}.Debug|Any CPU.ActiveCfg = Debug|Any CPU
		{C052CA7A-7786-4F86-821B-6CE32FC010A6}.Debug|Any CPU.Build.0 = Debug|Any CPU
		{C052CA7A-7786-4F86-821B-6CE32FC010A6}.Release|Any CPU.ActiveCfg = Release|Any CPU
		{C052CA7A-7786-4F86-821B-6CE32FC010A6}.Release|Any CPU.Build.0 = Release|Any CPU
		{08DE3ADC-22DA-4878-AEAE-9CCBE5E1CD65}.Debug|Any CPU.ActiveCfg = Debug|Any CPU
		{08DE3ADC-22DA-4878-AEAE-9CCBE5E1CD65}.Debug|Any CPU.Build.0 = Debug|Any CPU
		{08DE3ADC-22DA-4878-AEAE-9CCBE5E1CD65}.Release|Any CPU.ActiveCfg = Release|Any CPU
		{08DE3ADC-22DA-4878-AEAE-9CCBE5E1CD65}.Release|Any CPU.Build.0 = Release|Any CPU
		{54303345-25D1-4AD2-935B-EBB9E20C4AB0}.Debug|Any CPU.ActiveCfg = Debug|Any CPU
		{54303345-25D1-4AD2-935B-EBB9E20C4AB0}.Debug|Any CPU.Build.0 = Debug|Any CPU
		{54303345-25D1-4AD2-935B-EBB9E20C4AB0}.Release|Any CPU.ActiveCfg = Release|Any CPU
		{54303345-25D1-4AD2-935B-EBB9E20C4AB0}.Release|Any CPU.Build.0 = Release|Any CPU
		{59F177A2-582B-4741-8AE5-BBCD00B6110E}.Debug|Any CPU.ActiveCfg = Debug|Any CPU
		{59F177A2-582B-4741-8AE5-BBCD00B6110E}.Debug|Any CPU.Build.0 = Debug|Any CPU
		{59F177A2-582B-4741-8AE5-BBCD00B6110E}.Release|Any CPU.ActiveCfg = Release|Any CPU
		{59F177A2-582B-4741-8AE5-BBCD00B6110E}.Release|Any CPU.Build.0 = Release|Any CPU
		{8AAE7509-F066-4C01-A91E-A2435F96CB7F}.Debug|Any CPU.ActiveCfg = Debug|Any CPU
		{8AAE7509-F066-4C01-A91E-A2435F96CB7F}.Debug|Any CPU.Build.0 = Debug|Any CPU
		{8AAE7509-F066-4C01-A91E-A2435F96CB7F}.Release|Any CPU.ActiveCfg = Release|Any CPU
		{8AAE7509-F066-4C01-A91E-A2435F96CB7F}.Release|Any CPU.Build.0 = Release|Any CPU
		{9887E647-D334-4FF9-90AE-8E1389CBA21A}.Debug|Any CPU.ActiveCfg = Debug|Any CPU
		{9887E647-D334-4FF9-90AE-8E1389CBA21A}.Debug|Any CPU.Build.0 = Debug|Any CPU
		{9887E647-D334-4FF9-90AE-8E1389CBA21A}.Release|Any CPU.ActiveCfg = Release|Any CPU
		{9887E647-D334-4FF9-90AE-8E1389CBA21A}.Release|Any CPU.Build.0 = Release|Any CPU
		{C820C52E-F609-4219-9AC1-10F5CE0E8A17}.Debug|Any CPU.ActiveCfg = Debug|Any CPU
		{C820C52E-F609-4219-9AC1-10F5CE0E8A17}.Debug|Any CPU.Build.0 = Debug|Any CPU
		{C820C52E-F609-4219-9AC1-10F5CE0E8A17}.Release|Any CPU.ActiveCfg = Release|Any CPU
		{C820C52E-F609-4219-9AC1-10F5CE0E8A17}.Release|Any CPU.Build.0 = Release|Any CPU
		{0F2DD99D-2279-4145-BE3D-B391B452CC91}.Debug|Any CPU.ActiveCfg = Debug|Any CPU
		{0F2DD99D-2279-4145-BE3D-B391B452CC91}.Debug|Any CPU.Build.0 = Debug|Any CPU
		{0F2DD99D-2279-4145-BE3D-B391B452CC91}.Release|Any CPU.ActiveCfg = Release|Any CPU
		{0F2DD99D-2279-4145-BE3D-B391B452CC91}.Release|Any CPU.Build.0 = Release|Any CPU
		{1484522C-1E97-4098-9F30-5F59243C31D7}.Debug|Any CPU.ActiveCfg = Debug|Any CPU
		{1484522C-1E97-4098-9F30-5F59243C31D7}.Debug|Any CPU.Build.0 = Debug|Any CPU
		{1484522C-1E97-4098-9F30-5F59243C31D7}.Release|Any CPU.ActiveCfg = Release|Any CPU
		{1484522C-1E97-4098-9F30-5F59243C31D7}.Release|Any CPU.Build.0 = Release|Any CPU
		{CF29CB4B-C88A-42BD-9866-CF2D75990E2A}.Debug|Any CPU.ActiveCfg = Debug|Any CPU
		{CF29CB4B-C88A-42BD-9866-CF2D75990E2A}.Debug|Any CPU.Build.0 = Debug|Any CPU
		{CF29CB4B-C88A-42BD-9866-CF2D75990E2A}.Release|Any CPU.ActiveCfg = Release|Any CPU
		{CF29CB4B-C88A-42BD-9866-CF2D75990E2A}.Release|Any CPU.Build.0 = Release|Any CPU
		{0AD8E3B4-A133-42A6-82B6-45B2F39E2675}.Debug|Any CPU.ActiveCfg = Debug|Any CPU
		{0AD8E3B4-A133-42A6-82B6-45B2F39E2675}.Debug|Any CPU.Build.0 = Debug|Any CPU
		{0AD8E3B4-A133-42A6-82B6-45B2F39E2675}.Release|Any CPU.ActiveCfg = Release|Any CPU
		{0AD8E3B4-A133-42A6-82B6-45B2F39E2675}.Release|Any CPU.Build.0 = Release|Any CPU
	EndGlobalSection
	GlobalSection(SolutionProperties) = preSolution
		HideSolutionNode = FALSE
	EndGlobalSection
EndGlobal
